
Microsoft Visual Studio Solution File, Format Version 12.00
# Visual Studio Version 17
VisualStudioVersion = 17.11.35222.181
MinimumVisualStudioVersion = 10.0.40219.1
Project("{8BC9CEB8-8B4A-11D0-8D11-00A0C91BC942}") = "TEST 01", "TEST 01\TEST 01.vcxproj", "{EAC80844-39A5-42C1-A794-9B19F6D81E54}"
EndProject
Global
	GlobalSection(SolutionConfigurationPlatforms) = preSolution
		Debug|x64 = Debug|x64
		Debug|x86 = Debug|x86
		Release|x64 = Release|x64
		Release|x86 = Release|x86
	EndGlobalSection
	GlobalSection(ProjectConfigurationPlatforms) = postSolution
		{EAC80844-39A5-42C1-A794-9B19F6D81E54}.Debug|x64.ActiveCfg = Debug|x64
		{EAC80844-39A5-42C1-A794-9B19F6D81E54}.Debug|x64.Build.0 = Debug|x64
		{EAC80844-39A5-42C1-A794-9B19F6D81E54}.Debug|x86.ActiveCfg = Debug|Win32
		{EAC80844-39A5-42C1-A794-9B19F6D81E54}.Debug|x86.Build.0 = Debug|Win32
		{EAC80844-39A5-42C1-A794-9B19F6D81E54}.Release|x64.ActiveCfg = Release|x64
		{EAC80844-39A5-42C1-A794-9B19F6D81E54}.Release|x64.Build.0 = Release|x64
		{EAC80844-39A5-42C1-A794-9B19F6D81E54}.Release|x86.ActiveCfg = Release|Win32
		{EAC80844-39A5-42C1-A794-9B19F6D81E54}.Release|x86.Build.0 = Release|Win32
	EndGlobalSection
	GlobalSection(SolutionProperties) = preSolution
		HideSolutionNode = FALSE
	EndGlobalSection
	GlobalSection(ExtensibilityGlobals) = postSolution
		SolutionGuid = {1419B263-975E-40E7-8B9F-76C6F19FAD06}
	EndGlobalSection
EndGlobal
